// !$*UTF8*$!
{
	archiveVersion = 1;
	classes = {
	};
	objectVersion = 50;
	objects = {

/* Begin PBXBuildFile section */
		350A3A24252CCDF30017EB6C /* IGStoriesView.framework in Frameworks */ = {isa = PBXBuildFile; fileRef = 350A3A1A252CCDF30017EB6C /* IGStoriesView.framework */; };
		350A3A29252CCDF30017EB6C /* IGStoriesViewTests.swift in Sources */ = {isa = PBXBuildFile; fileRef = 350A3A28252CCDF30017EB6C /* IGStoriesViewTests.swift */; };
		350A3A2B252CCDF40017EB6C /* IGStoriesView.h in Headers */ = {isa = PBXBuildFile; fileRef = 350A3A1D252CCDF30017EB6C /* IGStoriesView.h */; settings = {ATTRIBUTES = (Public, ); }; };
		350A3A3D252CED0C0017EB6C /* AppDelegate.swift in Sources */ = {isa = PBXBuildFile; fileRef = 350A3A3C252CED0C0017EB6C /* AppDelegate.swift */; };
		350A3A41252CED0C0017EB6C /* ViewController.swift in Sources */ = {isa = PBXBuildFile; fileRef = 350A3A40252CED0C0017EB6C /* ViewController.swift */; };
		350A3A44252CED0C0017EB6C /* Main.storyboard in Resources */ = {isa = PBXBuildFile; fileRef = 350A3A42252CED0C0017EB6C /* Main.storyboard */; };
		350A3A46252CED0E0017EB6C /* Assets.xcassets in Resources */ = {isa = PBXBuildFile; fileRef = 350A3A45252CED0E0017EB6C /* Assets.xcassets */; };
		350A3A49252CED0E0017EB6C /* LaunchScreen.storyboard in Resources */ = {isa = PBXBuildFile; fileRef = 350A3A47252CED0E0017EB6C /* LaunchScreen.storyboard */; };
		350A3A62252D18BB0017EB6C /* AddStoryCollectionViewCell.swift in Sources */ = {isa = PBXBuildFile; fileRef = 350A3A5A252D18BB0017EB6C /* AddStoryCollectionViewCell.swift */; };
		350A3A63252D18BB0017EB6C /* StoriesCardView.swift in Sources */ = {isa = PBXBuildFile; fileRef = 350A3A5B252D18BB0017EB6C /* StoriesCardView.swift */; };
		350A3A64252D18BB0017EB6C /* StoriesCollectionViewCell.xib in Resources */ = {isa = PBXBuildFile; fileRef = 350A3A5C252D18BB0017EB6C /* StoriesCollectionViewCell.xib */; };
		350A3A65252D18BB0017EB6C /* StoriesCollectionViewCell.swift in Sources */ = {isa = PBXBuildFile; fileRef = 350A3A5D252D18BB0017EB6C /* StoriesCollectionViewCell.swift */; };
		350A3A66252D18BB0017EB6C /* StoriesCardView.xib in Resources */ = {isa = PBXBuildFile; fileRef = 350A3A5E252D18BB0017EB6C /* StoriesCardView.xib */; };
		350A3A67252D18BB0017EB6C /* InstagramBorder.swift in Sources */ = {isa = PBXBuildFile; fileRef = 350A3A5F252D18BB0017EB6C /* InstagramBorder.swift */; };
		350A3A68252D18BB0017EB6C /* IGRoundedView.swift in Sources */ = {isa = PBXBuildFile; fileRef = 350A3A60252D18BB0017EB6C /* IGRoundedView.swift */; };
		350A3A69252D18BB0017EB6C /* AddStoryCollectionViewCell.xib in Resources */ = {isa = PBXBuildFile; fileRef = 350A3A61252D18BB0017EB6C /* AddStoryCollectionViewCell.xib */; };
		350A3A71252D19750017EB6C /* UIView+Xibsetup.swift in Sources */ = {isa = PBXBuildFile; fileRef = 350A3A70252D19750017EB6C /* UIView+Xibsetup.swift */; };
		350A3A75252D1AA40017EB6C /* StoriesCardView.swift in Sources */ = {isa = PBXBuildFile; fileRef = 350A3A5B252D18BB0017EB6C /* StoriesCardView.swift */; };
		350A3A79252D1B350017EB6C /* UIView+Xibsetup.swift in Sources */ = {isa = PBXBuildFile; fileRef = 350A3A70252D19750017EB6C /* UIView+Xibsetup.swift */; };
		350A3A7D252D1B540017EB6C /* AddStoryCollectionViewCell.swift in Sources */ = {isa = PBXBuildFile; fileRef = 350A3A5A252D18BB0017EB6C /* AddStoryCollectionViewCell.swift */; };
		350A3A81252D1B670017EB6C /* StoriesCollectionViewCell.swift in Sources */ = {isa = PBXBuildFile; fileRef = 350A3A5D252D18BB0017EB6C /* StoriesCollectionViewCell.swift */; };
		350A3A85252D1B7A0017EB6C /* IGRoundedView.swift in Sources */ = {isa = PBXBuildFile; fileRef = 350A3A60252D18BB0017EB6C /* IGRoundedView.swift */; };
		350A3A89252D1B810017EB6C /* AddStoryCollectionViewCell.xib in Resources */ = {isa = PBXBuildFile; fileRef = 350A3A61252D18BB0017EB6C /* AddStoryCollectionViewCell.xib */; };
		350A3A8D252D1B860017EB6C /* InstagramBorder.swift in Sources */ = {isa = PBXBuildFile; fileRef = 350A3A5F252D18BB0017EB6C /* InstagramBorder.swift */; };
		350A3A91252D1B8C0017EB6C /* StoriesCardView.xib in Resources */ = {isa = PBXBuildFile; fileRef = 350A3A5E252D18BB0017EB6C /* StoriesCardView.xib */; };
		350A3A95252D1B920017EB6C /* StoriesCollectionViewCell.xib in Resources */ = {isa = PBXBuildFile; fileRef = 350A3A5C252D18BB0017EB6C /* StoriesCollectionViewCell.xib */; };
/* End PBXBuildFile section */

/* Begin PBXContainerItemProxy section */
		350A3A25252CCDF30017EB6C /* PBXContainerItemProxy */ = {
			isa = PBXContainerItemProxy;
			containerPortal = 350A3A11252CCDF30017EB6C /* Project object */;
			proxyType = 1;
			remoteGlobalIDString = 350A3A19252CCDF30017EB6C;
			remoteInfo = IGStoriesView;
		};
/* End PBXContainerItemProxy section */

/* Begin PBXFileReference section */
		350A3A1A252CCDF30017EB6C /* IGStoriesView.framework */ = {isa = PBXFileReference; explicitFileType = wrapper.framework; includeInIndex = 0; path = IGStoriesView.framework; sourceTree = BUILT_PRODUCTS_DIR; };
		350A3A1D252CCDF30017EB6C /* IGStoriesView.h */ = {isa = PBXFileReference; lastKnownFileType = sourcecode.c.h; path = IGStoriesView.h; sourceTree = "<group>"; };
		350A3A1E252CCDF30017EB6C /* Info.plist */ = {isa = PBXFileReference; lastKnownFileType = text.plist.xml; path = Info.plist; sourceTree = "<group>"; };
		350A3A23252CCDF30017EB6C /* IGStoriesViewTests.xctest */ = {isa = PBXFileReference; explicitFileType = wrapper.cfbundle; includeInIndex = 0; path = IGStoriesViewTests.xctest; sourceTree = BUILT_PRODUCTS_DIR; };
		350A3A28252CCDF30017EB6C /* IGStoriesViewTests.swift */ = {isa = PBXFileReference; lastKnownFileType = sourcecode.swift; path = IGStoriesViewTests.swift; sourceTree = "<group>"; };
		350A3A2A252CCDF40017EB6C /* Info.plist */ = {isa = PBXFileReference; lastKnownFileType = text.plist.xml; path = Info.plist; sourceTree = "<group>"; };
		350A3A3A252CED0C0017EB6C /* StoriesExample.app */ = {isa = PBXFileReference; explicitFileType = wrapper.application; includeInIndex = 0; path = StoriesExample.app; sourceTree = BUILT_PRODUCTS_DIR; };
		350A3A3C252CED0C0017EB6C /* AppDelegate.swift */ = {isa = PBXFileReference; lastKnownFileType = sourcecode.swift; path = AppDelegate.swift; sourceTree = "<group>"; };
		350A3A40252CED0C0017EB6C /* ViewController.swift */ = {isa = PBXFileReference; lastKnownFileType = sourcecode.swift; path = ViewController.swift; sourceTree = "<group>"; };
		350A3A43252CED0C0017EB6C /* Base */ = {isa = PBXFileReference; lastKnownFileType = file.storyboard; name = Base; path = Base.lproj/Main.storyboard; sourceTree = "<group>"; };
		350A3A45252CED0E0017EB6C /* Assets.xcassets */ = {isa = PBXFileReference; lastKnownFileType = folder.assetcatalog; path = Assets.xcassets; sourceTree = "<group>"; };
		350A3A48252CED0E0017EB6C /* Base */ = {isa = PBXFileReference; lastKnownFileType = file.storyboard; name = Base; path = Base.lproj/LaunchScreen.storyboard; sourceTree = "<group>"; };
		350A3A4A252CED0E0017EB6C /* Info.plist */ = {isa = PBXFileReference; lastKnownFileType = text.plist.xml; path = Info.plist; sourceTree = "<group>"; };
		350A3A5A252D18BB0017EB6C /* AddStoryCollectionViewCell.swift */ = {isa = PBXFileReference; fileEncoding = 4; lastKnownFileType = sourcecode.swift; path = AddStoryCollectionViewCell.swift; sourceTree = "<group>"; };
		350A3A5B252D18BB0017EB6C /* StoriesCardView.swift */ = {isa = PBXFileReference; fileEncoding = 4; lastKnownFileType = sourcecode.swift; path = StoriesCardView.swift; sourceTree = "<group>"; };
		350A3A5C252D18BB0017EB6C /* StoriesCollectionViewCell.xib */ = {isa = PBXFileReference; fileEncoding = 4; lastKnownFileType = file.xib; path = StoriesCollectionViewCell.xib; sourceTree = "<group>"; };
		350A3A5D252D18BB0017EB6C /* StoriesCollectionViewCell.swift */ = {isa = PBXFileReference; fileEncoding = 4; lastKnownFileType = sourcecode.swift; path = StoriesCollectionViewCell.swift; sourceTree = "<group>"; };
		350A3A5E252D18BB0017EB6C /* StoriesCardView.xib */ = {isa = PBXFileReference; fileEncoding = 4; lastKnownFileType = file.xib; path = StoriesCardView.xib; sourceTree = "<group>"; };
		350A3A5F252D18BB0017EB6C /* InstagramBorder.swift */ = {isa = PBXFileReference; fileEncoding = 4; lastKnownFileType = sourcecode.swift; path = InstagramBorder.swift; sourceTree = "<group>"; };
		350A3A60252D18BB0017EB6C /* IGRoundedView.swift */ = {isa = PBXFileReference; fileEncoding = 4; lastKnownFileType = sourcecode.swift; path = IGRoundedView.swift; sourceTree = "<group>"; };
		350A3A61252D18BB0017EB6C /* AddStoryCollectionViewCell.xib */ = {isa = PBXFileReference; fileEncoding = 4; lastKnownFileType = file.xib; path = AddStoryCollectionViewCell.xib; sourceTree = "<group>"; };
		350A3A70252D19750017EB6C /* UIView+Xibsetup.swift */ = {isa = PBXFileReference; lastKnownFileType = sourcecode.swift; path = "UIView+Xibsetup.swift"; sourceTree = "<group>"; };
/* End PBXFileReference section */

/* Begin PBXFrameworksBuildPhase section */
		350A3A17252CCDF30017EB6C /* Frameworks */ = {
			isa = PBXFrameworksBuildPhase;
			buildActionMask = 2147483647;
			files = (
			);
			runOnlyForDeploymentPostprocessing = 0;
		};
		350A3A20252CCDF30017EB6C /* Frameworks */ = {
			isa = PBXFrameworksBuildPhase;
			buildActionMask = 2147483647;
			files = (
				350A3A24252CCDF30017EB6C /* IGStoriesView.framework in Frameworks */,
			);
			runOnlyForDeploymentPostprocessing = 0;
		};
		350A3A37252CED0C0017EB6C /* Frameworks */ = {
			isa = PBXFrameworksBuildPhase;
			buildActionMask = 2147483647;
			files = (
			);
			runOnlyForDeploymentPostprocessing = 0;
		};
/* End PBXFrameworksBuildPhase section */

/* Begin PBXGroup section */
		350A3A10252CCDF30017EB6C = {
			isa = PBXGroup;
			children = (
				350A3A1C252CCDF30017EB6C /* IGStoriesView */,
				350A3A27252CCDF30017EB6C /* IGStoriesViewTests */,
				350A3A3B252CED0C0017EB6C /* StoriesExample */,
				350A3A1B252CCDF30017EB6C /* Products */,
			);
			sourceTree = "<group>";
		};
		350A3A1B252CCDF30017EB6C /* Products */ = {
			isa = PBXGroup;
			children = (
				350A3A1A252CCDF30017EB6C /* IGStoriesView.framework */,
				350A3A23252CCDF30017EB6C /* IGStoriesViewTests.xctest */,
				350A3A3A252CED0C0017EB6C /* StoriesExample.app */,
			);
			name = Products;
			sourceTree = "<group>";
		};
		350A3A1C252CCDF30017EB6C /* IGStoriesView */ = {
			isa = PBXGroup;
			children = (
				350A3A1D252CCDF30017EB6C /* IGStoriesView.h */,
				350A3A5A252D18BB0017EB6C /* AddStoryCollectionViewCell.swift */,
				350A3A61252D18BB0017EB6C /* AddStoryCollectionViewCell.xib */,
				350A3A60252D18BB0017EB6C /* IGRoundedView.swift */,
				350A3A5F252D18BB0017EB6C /* InstagramBorder.swift */,
				350A3A5B252D18BB0017EB6C /* StoriesCardView.swift */,
				350A3A5E252D18BB0017EB6C /* StoriesCardView.xib */,
				350A3A5D252D18BB0017EB6C /* StoriesCollectionViewCell.swift */,
				350A3A5C252D18BB0017EB6C /* StoriesCollectionViewCell.xib */,
				350A3A1E252CCDF30017EB6C /* Info.plist */,
				350A3A70252D19750017EB6C /* UIView+Xibsetup.swift */,
			);
			path = IGStoriesView;
			sourceTree = "<group>";
		};
		350A3A27252CCDF30017EB6C /* IGStoriesViewTests */ = {
			isa = PBXGroup;
			children = (
				350A3A28252CCDF30017EB6C /* IGStoriesViewTests.swift */,
				350A3A2A252CCDF40017EB6C /* Info.plist */,
			);
			path = IGStoriesViewTests;
			sourceTree = "<group>";
		};
		350A3A3B252CED0C0017EB6C /* StoriesExample */ = {
			isa = PBXGroup;
			children = (
				350A3A3C252CED0C0017EB6C /* AppDelegate.swift */,
				350A3A40252CED0C0017EB6C /* ViewController.swift */,
				350A3A42252CED0C0017EB6C /* Main.storyboard */,
				350A3A45252CED0E0017EB6C /* Assets.xcassets */,
				350A3A47252CED0E0017EB6C /* LaunchScreen.storyboard */,
				350A3A4A252CED0E0017EB6C /* Info.plist */,
			);
			path = StoriesExample;
			sourceTree = "<group>";
		};
/* End PBXGroup section */

/* Begin PBXHeadersBuildPhase section */
		350A3A15252CCDF30017EB6C /* Headers */ = {
			isa = PBXHeadersBuildPhase;
			buildActionMask = 2147483647;
			files = (
				350A3A2B252CCDF40017EB6C /* IGStoriesView.h in Headers */,
			);
			runOnlyForDeploymentPostprocessing = 0;
		};
/* End PBXHeadersBuildPhase section */

/* Begin PBXNativeTarget section */
		350A3A19252CCDF30017EB6C /* IGStoriesView */ = {
			isa = PBXNativeTarget;
			buildConfigurationList = 350A3A2E252CCDF40017EB6C /* Build configuration list for PBXNativeTarget "IGStoriesView" */;
			buildPhases = (
				350A3A15252CCDF30017EB6C /* Headers */,
				350A3A16252CCDF30017EB6C /* Sources */,
				350A3A17252CCDF30017EB6C /* Frameworks */,
				350A3A18252CCDF30017EB6C /* Resources */,
			);
			buildRules = (
			);
			dependencies = (
			);
			name = IGStoriesView;
			productName = IGStoriesView;
			productReference = 350A3A1A252CCDF30017EB6C /* IGStoriesView.framework */;
			productType = "com.apple.product-type.framework";
		};
		350A3A22252CCDF30017EB6C /* IGStoriesViewTests */ = {
			isa = PBXNativeTarget;
			buildConfigurationList = 350A3A31252CCDF40017EB6C /* Build configuration list for PBXNativeTarget "IGStoriesViewTests" */;
			buildPhases = (
				350A3A1F252CCDF30017EB6C /* Sources */,
				350A3A20252CCDF30017EB6C /* Frameworks */,
				350A3A21252CCDF30017EB6C /* Resources */,
			);
			buildRules = (
			);
			dependencies = (
				350A3A26252CCDF30017EB6C /* PBXTargetDependency */,
			);
			name = IGStoriesViewTests;
			productName = IGStoriesViewTests;
			productReference = 350A3A23252CCDF30017EB6C /* IGStoriesViewTests.xctest */;
			productType = "com.apple.product-type.bundle.unit-test";
		};
		350A3A39252CED0C0017EB6C /* StoriesExample */ = {
			isa = PBXNativeTarget;
			buildConfigurationList = 350A3A4B252CED0E0017EB6C /* Build configuration list for PBXNativeTarget "StoriesExample" */;
			buildPhases = (
				350A3A36252CED0C0017EB6C /* Sources */,
				350A3A37252CED0C0017EB6C /* Frameworks */,
				350A3A38252CED0C0017EB6C /* Resources */,
			);
			buildRules = (
			);
			dependencies = (
			);
			name = StoriesExample;
			productName = StoriesExample;
			productReference = 350A3A3A252CED0C0017EB6C /* StoriesExample.app */;
			productType = "com.apple.product-type.application";
		};
/* End PBXNativeTarget section */

/* Begin PBXProject section */
		350A3A11252CCDF30017EB6C /* Project object */ = {
			isa = PBXProject;
			attributes = {
				LastSwiftUpdateCheck = 1200;
				LastUpgradeCheck = 1200;
				TargetAttributes = {
					350A3A19252CCDF30017EB6C = {
						CreatedOnToolsVersion = 12.0;
						LastSwiftMigration = 1200;
					};
					350A3A22252CCDF30017EB6C = {
						CreatedOnToolsVersion = 12.0;
					};
					350A3A39252CED0C0017EB6C = {
						CreatedOnToolsVersion = 12.0;
					};
				};
			};
			buildConfigurationList = 350A3A14252CCDF30017EB6C /* Build configuration list for PBXProject "IGStoriesView" */;
			compatibilityVersion = "Xcode 9.3";
			developmentRegion = en;
			hasScannedForEncodings = 0;
			knownRegions = (
				en,
				Base,
			);
			mainGroup = 350A3A10252CCDF30017EB6C;
			productRefGroup = 350A3A1B252CCDF30017EB6C /* Products */;
			projectDirPath = "";
			projectRoot = "";
			targets = (
				350A3A19252CCDF30017EB6C /* IGStoriesView */,
				350A3A22252CCDF30017EB6C /* IGStoriesViewTests */,
				350A3A39252CED0C0017EB6C /* StoriesExample */,
			);
		};
/* End PBXProject section */

/* Begin PBXResourcesBuildPhase section */
		350A3A18252CCDF30017EB6C /* Resources */ = {
			isa = PBXResourcesBuildPhase;
			buildActionMask = 2147483647;
			files = (
				350A3A69252D18BB0017EB6C /* AddStoryCollectionViewCell.xib in Resources */,
				350A3A66252D18BB0017EB6C /* StoriesCardView.xib in Resources */,
				350A3A64252D18BB0017EB6C /* StoriesCollectionViewCell.xib in Resources */,
			);
			runOnlyForDeploymentPostprocessing = 0;
		};
		350A3A21252CCDF30017EB6C /* Resources */ = {
			isa = PBXResourcesBuildPhase;
			buildActionMask = 2147483647;
			files = (
			);
			runOnlyForDeploymentPostprocessing = 0;
		};
		350A3A38252CED0C0017EB6C /* Resources */ = {
			isa = PBXResourcesBuildPhase;
			buildActionMask = 2147483647;
			files = (
				350A3A89252D1B810017EB6C /* AddStoryCollectionViewCell.xib in Resources */,
				350A3A91252D1B8C0017EB6C /* StoriesCardView.xib in Resources */,
				350A3A95252D1B920017EB6C /* StoriesCollectionViewCell.xib in Resources */,
				350A3A49252CED0E0017EB6C /* LaunchScreen.storyboard in Resources */,
				350A3A46252CED0E0017EB6C /* Assets.xcassets in Resources */,
				350A3A44252CED0C0017EB6C /* Main.storyboard in Resources */,
			);
			runOnlyForDeploymentPostprocessing = 0;
		};
/* End PBXResourcesBuildPhase section */

/* Begin PBXSourcesBuildPhase section */
		350A3A16252CCDF30017EB6C /* Sources */ = {
			isa = PBXSourcesBuildPhase;
			buildActionMask = 2147483647;
			files = (
				350A3A67252D18BB0017EB6C /* InstagramBorder.swift in Sources */,
				350A3A65252D18BB0017EB6C /* StoriesCollectionViewCell.swift in Sources */,
				350A3A71252D19750017EB6C /* UIView+Xibsetup.swift in Sources */,
				350A3A63252D18BB0017EB6C /* StoriesCardView.swift in Sources */,
				350A3A62252D18BB0017EB6C /* AddStoryCollectionViewCell.swift in Sources */,
				350A3A68252D18BB0017EB6C /* IGRoundedView.swift in Sources */,
			);
			runOnlyForDeploymentPostprocessing = 0;
		};
		350A3A1F252CCDF30017EB6C /* Sources */ = {
			isa = PBXSourcesBuildPhase;
			buildActionMask = 2147483647;
			files = (
				350A3A29252CCDF30017EB6C /* IGStoriesViewTests.swift in Sources */,
			);
			runOnlyForDeploymentPostprocessing = 0;
		};
		350A3A36252CED0C0017EB6C /* Sources */ = {
			isa = PBXSourcesBuildPhase;
			buildActionMask = 2147483647;
			files = (
				350A3A81252D1B670017EB6C /* StoriesCollectionViewCell.swift in Sources */,
				350A3A79252D1B350017EB6C /* UIView+Xibsetup.swift in Sources */,
				350A3A41252CED0C0017EB6C /* ViewController.swift in Sources */,
				350A3A3D252CED0C0017EB6C /* AppDelegate.swift in Sources */,
				350A3A8D252D1B860017EB6C /* InstagramBorder.swift in Sources */,
				350A3A85252D1B7A0017EB6C /* IGRoundedView.swift in Sources */,
				350A3A7D252D1B540017EB6C /* AddStoryCollectionViewCell.swift in Sources */,
				350A3A75252D1AA40017EB6C /* StoriesCardView.swift in Sources */,
			);
			runOnlyForDeploymentPostprocessing = 0;
		};
/* End PBXSourcesBuildPhase section */

/* Begin PBXTargetDependency section */
		350A3A26252CCDF30017EB6C /* PBXTargetDependency */ = {
			isa = PBXTargetDependency;
			target = 350A3A19252CCDF30017EB6C /* IGStoriesView */;
			targetProxy = 350A3A25252CCDF30017EB6C /* PBXContainerItemProxy */;
		};
/* End PBXTargetDependency section */

/* Begin PBXVariantGroup section */
		350A3A42252CED0C0017EB6C /* Main.storyboard */ = {
			isa = PBXVariantGroup;
			children = (
				350A3A43252CED0C0017EB6C /* Base */,
			);
			name = Main.storyboard;
			sourceTree = "<group>";
		};
		350A3A47252CED0E0017EB6C /* LaunchScreen.storyboard */ = {
			isa = PBXVariantGroup;
			children = (
				350A3A48252CED0E0017EB6C /* Base */,
			);
			name = LaunchScreen.storyboard;
			sourceTree = "<group>";
		};
/* End PBXVariantGroup section */

/* Begin XCBuildConfiguration section */
		350A3A2C252CCDF40017EB6C /* Debug */ = {
			isa = XCBuildConfiguration;
			buildSettings = {
				ALWAYS_SEARCH_USER_PATHS = NO;
				CLANG_ANALYZER_NONNULL = YES;
				CLANG_ANALYZER_NUMBER_OBJECT_CONVERSION = YES_AGGRESSIVE;
				CLANG_CXX_LANGUAGE_STANDARD = "gnu++14";
				CLANG_CXX_LIBRARY = "libc++";
				CLANG_ENABLE_MODULES = YES;
				CLANG_ENABLE_OBJC_ARC = YES;
				CLANG_ENABLE_OBJC_WEAK = YES;
				CLANG_WARN_BLOCK_CAPTURE_AUTORELEASING = YES;
				CLANG_WARN_BOOL_CONVERSION = YES;
				CLANG_WARN_COMMA = YES;
				CLANG_WARN_CONSTANT_CONVERSION = YES;
				CLANG_WARN_DEPRECATED_OBJC_IMPLEMENTATIONS = YES;
				CLANG_WARN_DIRECT_OBJC_ISA_USAGE = YES_ERROR;
				CLANG_WARN_DOCUMENTATION_COMMENTS = YES;
				CLANG_WARN_EMPTY_BODY = YES;
				CLANG_WARN_ENUM_CONVERSION = YES;
				CLANG_WARN_INFINITE_RECURSION = YES;
				CLANG_WARN_INT_CONVERSION = YES;
				CLANG_WARN_NON_LITERAL_NULL_CONVERSION = YES;
				CLANG_WARN_OBJC_IMPLICIT_RETAIN_SELF = YES;
				CLANG_WARN_OBJC_LITERAL_CONVERSION = YES;
				CLANG_WARN_OBJC_ROOT_CLASS = YES_ERROR;
				CLANG_WARN_QUOTED_INCLUDE_IN_FRAMEWORK_HEADER = YES;
				CLANG_WARN_RANGE_LOOP_ANALYSIS = YES;
				CLANG_WARN_STRICT_PROTOTYPES = YES;
				CLANG_WARN_SUSPICIOUS_MOVE = YES;
				CLANG_WARN_UNGUARDED_AVAILABILITY = YES_AGGRESSIVE;
				CLANG_WARN_UNREACHABLE_CODE = YES;
				CLANG_WARN__DUPLICATE_METHOD_MATCH = YES;
				COPY_PHASE_STRIP = NO;
				CURRENT_PROJECT_VERSION = 1;
				DEBUG_INFORMATION_FORMAT = dwarf;
				ENABLE_STRICT_OBJC_MSGSEND = YES;
				ENABLE_TESTABILITY = YES;
				GCC_C_LANGUAGE_STANDARD = gnu11;
				GCC_DYNAMIC_NO_PIC = NO;
				GCC_NO_COMMON_BLOCKS = YES;
				GCC_OPTIMIZATION_LEVEL = 0;
				GCC_PREPROCESSOR_DEFINITIONS = (
					"DEBUG=1",
					"$(inherited)",
				);
				GCC_WARN_64_TO_32_BIT_CONVERSION = YES;
				GCC_WARN_ABOUT_RETURN_TYPE = YES_ERROR;
				GCC_WARN_UNDECLARED_SELECTOR = YES;
				GCC_WARN_UNINITIALIZED_AUTOS = YES_AGGRESSIVE;
				GCC_WARN_UNUSED_FUNCTION = YES;
				GCC_WARN_UNUSED_VARIABLE = YES;
				IPHONEOS_DEPLOYMENT_TARGET = 13.0;
				MTL_ENABLE_DEBUG_INFO = INCLUDE_SOURCE;
				MTL_FAST_MATH = YES;
				ONLY_ACTIVE_ARCH = YES;
				SDKROOT = iphoneos;
				SWIFT_ACTIVE_COMPILATION_CONDITIONS = DEBUG;
				SWIFT_OPTIMIZATION_LEVEL = "-Onone";
				VERSIONING_SYSTEM = "apple-generic";
				VERSION_INFO_PREFIX = "";
			};
			name = Debug;
		};
		350A3A2D252CCDF40017EB6C /* Release */ = {
			isa = XCBuildConfiguration;
			buildSettings = {
				ALWAYS_SEARCH_USER_PATHS = NO;
				CLANG_ANALYZER_NONNULL = YES;
				CLANG_ANALYZER_NUMBER_OBJECT_CONVERSION = YES_AGGRESSIVE;
				CLANG_CXX_LANGUAGE_STANDARD = "gnu++14";
				CLANG_CXX_LIBRARY = "libc++";
				CLANG_ENABLE_MODULES = YES;
				CLANG_ENABLE_OBJC_ARC = YES;
				CLANG_ENABLE_OBJC_WEAK = YES;
				CLANG_WARN_BLOCK_CAPTURE_AUTORELEASING = YES;
				CLANG_WARN_BOOL_CONVERSION = YES;
				CLANG_WARN_COMMA = YES;
				CLANG_WARN_CONSTANT_CONVERSION = YES;
				CLANG_WARN_DEPRECATED_OBJC_IMPLEMENTATIONS = YES;
				CLANG_WARN_DIRECT_OBJC_ISA_USAGE = YES_ERROR;
				CLANG_WARN_DOCUMENTATION_COMMENTS = YES;
				CLANG_WARN_EMPTY_BODY = YES;
				CLANG_WARN_ENUM_CONVERSION = YES;
				CLANG_WARN_INFINITE_RECURSION = YES;
				CLANG_WARN_INT_CONVERSION = YES;
				CLANG_WARN_NON_LITERAL_NULL_CONVERSION = YES;
				CLANG_WARN_OBJC_IMPLICIT_RETAIN_SELF = YES;
				CLANG_WARN_OBJC_LITERAL_CONVERSION = YES;
				CLANG_WARN_OBJC_ROOT_CLASS = YES_ERROR;
				CLANG_WARN_QUOTED_INCLUDE_IN_FRAMEWORK_HEADER = YES;
				CLANG_WARN_RANGE_LOOP_ANALYSIS = YES;
				CLANG_WARN_STRICT_PROTOTYPES = YES;
				CLANG_WARN_SUSPICIOUS_MOVE = YES;
				CLANG_WARN_UNGUARDED_AVAILABILITY = YES_AGGRESSIVE;
				CLANG_WARN_UNREACHABLE_CODE = YES;
				CLANG_WARN__DUPLICATE_METHOD_MATCH = YES;
				COPY_PHASE_STRIP = NO;
				CURRENT_PROJECT_VERSION = 1;
				DEBUG_INFORMATION_FORMAT = "dwarf-with-dsym";
				ENABLE_NS_ASSERTIONS = NO;
				ENABLE_STRICT_OBJC_MSGSEND = YES;
				GCC_C_LANGUAGE_STANDARD = gnu11;
				GCC_NO_COMMON_BLOCKS = YES;
				GCC_WARN_64_TO_32_BIT_CONVERSION = YES;
				GCC_WARN_ABOUT_RETURN_TYPE = YES_ERROR;
				GCC_WARN_UNDECLARED_SELECTOR = YES;
				GCC_WARN_UNINITIALIZED_AUTOS = YES_AGGRESSIVE;
				GCC_WARN_UNUSED_FUNCTION = YES;
				GCC_WARN_UNUSED_VARIABLE = YES;
				IPHONEOS_DEPLOYMENT_TARGET = 13.0;
				MTL_ENABLE_DEBUG_INFO = NO;
				MTL_FAST_MATH = YES;
				SDKROOT = iphoneos;
				SWIFT_COMPILATION_MODE = wholemodule;
				SWIFT_OPTIMIZATION_LEVEL = "-O";
				VALIDATE_PRODUCT = YES;
				VERSIONING_SYSTEM = "apple-generic";
				VERSION_INFO_PREFIX = "";
			};
			name = Release;
		};
		350A3A2F252CCDF40017EB6C /* Debug */ = {
			isa = XCBuildConfiguration;
			buildSettings = {
				CLANG_ENABLE_MODULES = YES;
				CODE_SIGN_STYLE = Automatic;
				DEFINES_MODULE = YES;
				DEVELOPMENT_TEAM = X78LL62Y2P;
				DYLIB_COMPATIBILITY_VERSION = 1;
				DYLIB_CURRENT_VERSION = 1;
				DYLIB_INSTALL_NAME_BASE = "@rpath";
				INFOPLIST_FILE = IGStoriesView/Info.plist;
				INSTALL_PATH = "$(LOCAL_LIBRARY_DIR)/Frameworks";
				LD_RUNPATH_SEARCH_PATHS = (
					"$(inherited)",
					"@executable_path/Frameworks",
					"@loader_path/Frameworks",
				);
				PRODUCT_BUNDLE_IDENTIFIER = hamza.dev.IGStoriesView;
				PRODUCT_NAME = "$(TARGET_NAME:c99extidentifier)";
				SKIP_INSTALL = YES;
				SWIFT_OPTIMIZATION_LEVEL = "-Onone";
				SWIFT_VERSION = 5.0;
				TARGETED_DEVICE_FAMILY = "1,2";
			};
			name = Debug;
		};
		350A3A30252CCDF40017EB6C /* Release */ = {
			isa = XCBuildConfiguration;
			buildSettings = {
				CLANG_ENABLE_MODULES = YES;
				CODE_SIGN_STYLE = Automatic;
				DEFINES_MODULE = YES;
				DEVELOPMENT_TEAM = X78LL62Y2P;
				DYLIB_COMPATIBILITY_VERSION = 1;
				DYLIB_CURRENT_VERSION = 1;
				DYLIB_INSTALL_NAME_BASE = "@rpath";
				INFOPLIST_FILE = IGStoriesView/Info.plist;
				INSTALL_PATH = "$(LOCAL_LIBRARY_DIR)/Frameworks";
				LD_RUNPATH_SEARCH_PATHS = (
					"$(inherited)",
					"@executable_path/Frameworks",
					"@loader_path/Frameworks",
				);
				PRODUCT_BUNDLE_IDENTIFIER = hamza.dev.IGStoriesView;
				PRODUCT_NAME = "$(TARGET_NAME:c99extidentifier)";
				SKIP_INSTALL = YES;
				SWIFT_VERSION = 5.0;
				TARGETED_DEVICE_FAMILY = "1,2";
			};
			name = Release;
		};
		350A3A32252CCDF40017EB6C /* Debug */ = {
			isa = XCBuildConfiguration;
			buildSettings = {
				ALWAYS_EMBED_SWIFT_STANDARD_LIBRARIES = YES;
				CODE_SIGN_STYLE = Automatic;
				DEVELOPMENT_TEAM = X78LL62Y2P;
				INFOPLIST_FILE = IGStoriesViewTests/Info.plist;
				LD_RUNPATH_SEARCH_PATHS = (
					"$(inherited)",
					"@executable_path/Frameworks",
					"@loader_path/Frameworks",
				);
				PRODUCT_BUNDLE_IDENTIFIER = hamza.dev.IGStoriesViewTests;
				PRODUCT_NAME = "$(TARGET_NAME)";
				SWIFT_VERSION = 5.0;
				TARGETED_DEVICE_FAMILY = "1,2";
			};
			name = Debug;
		};
		350A3A33252CCDF40017EB6C /* Release */ = {
			isa = XCBuildConfiguration;
			buildSettings = {
				ALWAYS_EMBED_SWIFT_STANDARD_LIBRARIES = YES;
				CODE_SIGN_STYLE = Automatic;
				DEVELOPMENT_TEAM = X78LL62Y2P;
				INFOPLIST_FILE = IGStoriesViewTests/Info.plist;
				LD_RUNPATH_SEARCH_PATHS = (
					"$(inherited)",
					"@executable_path/Frameworks",
					"@loader_path/Frameworks",
				);
				PRODUCT_BUNDLE_IDENTIFIER = hamza.dev.IGStoriesViewTests;
				PRODUCT_NAME = "$(TARGET_NAME)";
				SWIFT_VERSION = 5.0;
				TARGETED_DEVICE_FAMILY = "1,2";
			};
			name = Release;
		};
		350A3A4C252CED0E0017EB6C /* Debug */ = {
			isa = XCBuildConfiguration;
			buildSettings = {
				ASSETCATALOG_COMPILER_APPICON_NAME = AppIcon;
				ASSETCATALOG_COMPILER_GLOBAL_ACCENT_COLOR_NAME = AccentColor;
				CODE_SIGN_STYLE = Automatic;
				DEVELOPMENT_TEAM = X78LL62Y2P;
				INFOPLIST_FILE = StoriesExample/Info.plist;
				IPHONEOS_DEPLOYMENT_TARGET = 13.0;
				LD_RUNPATH_SEARCH_PATHS = (
					"$(inherited)",
					"@executable_path/Frameworks",
				);
				PRODUCT_BUNDLE_IDENTIFIER = hamza.dev.StoriesExample;
				PRODUCT_NAME = "$(TARGET_NAME)";
				SWIFT_VERSION = 5.0;
				TARGETED_DEVICE_FAMILY = "1,2";
			};
			name = Debug;
		};
		350A3A4D252CED0E0017EB6C /* Release */ = {
			isa = XCBuildConfiguration;
			buildSettings = {
				ASSETCATALOG_COMPILER_APPICON_NAME = AppIcon;
				ASSETCATALOG_COMPILER_GLOBAL_ACCENT_COLOR_NAME = AccentColor;
				CODE_SIGN_STYLE = Automatic;
				DEVELOPMENT_TEAM = X78LL62Y2P;
				INFOPLIST_FILE = StoriesExample/Info.plist;
				IPHONEOS_DEPLOYMENT_TARGET = 13.0;
				LD_RUNPATH_SEARCH_PATHS = (
					"$(inherited)",
					"@executable_path/Frameworks",
				);
				PRODUCT_BUNDLE_IDENTIFIER = hamza.dev.StoriesExample;
				PRODUCT_NAME = "$(TARGET_NAME)";
				SWIFT_VERSION = 5.0;
				TARGETED_DEVICE_FAMILY = "1,2";
			};
			name = Release;
		};
/* End XCBuildConfiguration section */

/* Begin XCConfigurationList section */
		350A3A14252CCDF30017EB6C /* Build configuration list for PBXProject "IGStoriesView" */ = {
			isa = XCConfigurationList;
			buildConfigurations = (
				350A3A2C252CCDF40017EB6C /* Debug */,
				350A3A2D252CCDF40017EB6C /* Release */,
			);
			defaultConfigurationIsVisible = 0;
			defaultConfigurationName = Release;
		};
		350A3A2E252CCDF40017EB6C /* Build configuration list for PBXNativeTarget "IGStoriesView" */ = {
			isa = XCConfigurationList;
			buildConfigurations = (
				350A3A2F252CCDF40017EB6C /* Debug */,
				350A3A30252CCDF40017EB6C /* Release */,
			);
			defaultConfigurationIsVisible = 0;
			defaultConfigurationName = Release;
		};
		350A3A31252CCDF40017EB6C /* Build configuration list for PBXNativeTarget "IGStoriesViewTests" */ = {
			isa = XCConfigurationList;
			buildConfigurations = (
				350A3A32252CCDF40017EB6C /* Debug */,
				350A3A33252CCDF40017EB6C /* Release */,
			);
			defaultConfigurationIsVisible = 0;
			defaultConfigurationName = Release;
		};
		350A3A4B252CED0E0017EB6C /* Build configuration list for PBXNativeTarget "StoriesExample" */ = {
			isa = XCConfigurationList;
			buildConfigurations = (
				350A3A4C252CED0E0017EB6C /* Debug */,
				350A3A4D252CED0E0017EB6C /* Release */,
			);
			defaultConfigurationIsVisible = 0;
			defaultConfigurationName = Release;
		};
/* End XCConfigurationList section */
	};
	rootObject = 350A3A11252CCDF30017EB6C /* Project object */;
}
